
Microsoft Visual Studio Solution File, Format Version 12.00
# Visual Studio Version 17
VisualStudioVersion = 17.7.34009.444
MinimumVisualStudioVersion = 10.0.40219.1
Project("{FAE04EC0-301F-11D3-BF4B-00C04F79EFBC}") = "probni1", "probni1.csproj", "{F44D2966-5105-4439-9CEB-7C1BEB41A05C}"
EndProject
Global
	GlobalSection(SolutionConfigurationPlatforms) = preSolution
		Debug|Any CPU = Debug|Any CPU
		Release|Any CPU = Release|Any CPU
	EndGlobalSection
	GlobalSection(ProjectConfigurationPlatforms) = postSolution
		{F44D2966-5105-4439-9CEB-7C1BEB41A05C}.Debug|Any CPU.ActiveCfg = Debug|Any CPU
		{F44D2966-5105-4439-9CEB-7C1BEB41A05C}.Debug|Any CPU.Build.0 = Debug|Any CPU
		{F44D2966-5105-4439-9CEB-7C1BEB41A05C}.Release|Any CPU.ActiveCfg = Release|Any CPU
		{F44D2966-5105-4439-9CEB-7C1BEB41A05C}.Release|Any CPU.Build.0 = Release|Any CPU
	EndGlobalSection
	GlobalSection(SolutionProperties) = preSolution
		HideSolutionNode = FALSE
	EndGlobalSection
	GlobalSection(ExtensibilityGlobals) = postSolution
		SolutionGuid = {E9354EB5-3013-438D-88F0-05D52B1007AF}
	EndGlobalSection
EndGlobal
